// !$*UTF8*$!
{
	archiveVersion = 1;
	classes = {
	};
	objectVersion = 46;
	objects = {

/* Begin PBXBuildFile section */
		4CCCD8AD1A8CEC7A00AB451F /* main.m in Sources */ = {isa = PBXBuildFile; fileRef = 4CCCD8AC1A8CEC7A00AB451F /* main.m */; };
		4CCCD8B01A8CEC7A00AB451F /* AppDelegate.m in Sources */ = {isa = PBXBuildFile; fileRef = 4CCCD8AF1A8CEC7A00AB451F /* AppDelegate.m */; };
		4CCCD8B81A8CEC7A00AB451F /* Images.xcassets in Resources */ = {isa = PBXBuildFile; fileRef = 4CCCD8B71A8CEC7A00AB451F /* Images.xcassets */; };
		4CCCD8D71A8CEE1200AB451F /* CHPresenter.m in Sources */ = {isa = PBXBuildFile; fileRef = 4CCCD8D41A8CEE1200AB451F /* CHPresenter.m */; };
		4CCCD8D81A8CEE1200AB451F /* CHViewController.m in Sources */ = {isa = PBXBuildFile; fileRef = 4CCCD8D61A8CEE1200AB451F /* CHViewController.m */; };
		4CCCD8DD1A8CF5E100AB451F /* HomeViewController.m in Sources */ = {isa = PBXBuildFile; fileRef = 4CCCD8DC1A8CF5E100AB451F /* HomeViewController.m */; };
		4CCCD8E11A8CF69600AB451F /* HomePresenter.m in Sources */ = {isa = PBXBuildFile; fileRef = 4CCCD8E01A8CF69600AB451F /* HomePresenter.m */; };
		4CCCD8E71A8CFF0400AB451F /* TicTacToeBoard.m in Sources */ = {isa = PBXBuildFile; fileRef = 4CCCD8E61A8CFF0400AB451F /* TicTacToeBoard.m */; };
		4CCCD8EB1A8D099B00AB451F /* ComputerPlayer.m in Sources */ = {isa = PBXBuildFile; fileRef = 4CCCD8EA1A8D099B00AB451F /* ComputerPlayer.m */; };
		4CCCD8EF1A93B7E900AB451F /* TicTacToeBoardTest.m in Sources */ = {isa = PBXBuildFile; fileRef = 4CCCD8EE1A93B7E900AB451F /* TicTacToeBoardTest.m */; };
		4CCCD8F21A94C88A00AB451F /* ComputerPlayerTest.m in Sources */ = {isa = PBXBuildFile; fileRef = 4CCCD8F11A94C88A00AB451F /* ComputerPlayerTest.m */; };
		4CCCD8FA1A94CDAC00AB451F /* HomeView.m in Sources */ = {isa = PBXBuildFile; fileRef = 4CCCD8F81A94CDAC00AB451F /* HomeView.m */; };
		4CCCD8FD1A94D56F00AB451F /* GameView.m in Sources */ = {isa = PBXBuildFile; fileRef = 4CCCD8FC1A94D56F00AB451F /* GameView.m */; };
		4CCCD9001A94D90C00AB451F /* GamePresenter.m in Sources */ = {isa = PBXBuildFile; fileRef = 4CCCD8FF1A94D90C00AB451F /* GamePresenter.m */; };
		4CCCD9031A94D92F00AB451F /* GameViewController.m in Sources */ = {isa = PBXBuildFile; fileRef = 4CCCD9021A94D92F00AB451F /* GameViewController.m */; };
		4CCCD9061A94DD5C00AB451F /* TicTacToeButton.m in Sources */ = {isa = PBXBuildFile; fileRef = 4CCCD9051A94DD5C00AB451F /* TicTacToeButton.m */; };
		4CCCD9091A962CC500AB451F /* EndGamePresenter.m in Sources */ = {isa = PBXBuildFile; fileRef = 4CCCD9081A962CC500AB451F /* EndGamePresenter.m */; };
		4CCCD90C1A962CDB00AB451F /* EndGameViewController.m in Sources */ = {isa = PBXBuildFile; fileRef = 4CCCD90B1A962CDB00AB451F /* EndGameViewController.m */; };
		4CCCD9191A976F6400AB451F /* libOCMock.a in Frameworks */ = {isa = PBXBuildFile; fileRef = 4CCCD90E1A976F6400AB451F /* libOCMock.a */; };
		4CCCD91A1A976F9900AB451F /* libOCMock.a in Frameworks */ = {isa = PBXBuildFile; fileRef = 4CCCD90E1A976F6400AB451F /* libOCMock.a */; };
		4CCCD91D1A97722B00AB451F /* GameViewTest.m in Sources */ = {isa = PBXBuildFile; fileRef = 4CCCD91C1A97722B00AB451F /* GameViewTest.m */; };
		4CCCD9221A97777400AB451F /* CHPresenterTest.m in Sources */ = {isa = PBXBuildFile; fileRef = 4CCCD9211A97777400AB451F /* CHPresenterTest.m */; };
		4CCCD9241A97791800AB451F /* CHViewControllerTest.m in Sources */ = {isa = PBXBuildFile; fileRef = 4CCCD9231A97791800AB451F /* CHViewControllerTest.m */; };
		4CCCD9261A9779CC00AB451F /* HomePresenterTest.m in Sources */ = {isa = PBXBuildFile; fileRef = 4CCCD9251A9779CC00AB451F /* HomePresenterTest.m */; };
		4CCCD9281A978A6500AB451F /* GamePresenterTest.m in Sources */ = {isa = PBXBuildFile; fileRef = 4CCCD9271A978A6500AB451F /* GamePresenterTest.m */; };
		4CCCD92A1A97930B00AB451F /* EndGamePresenterTest.m in Sources */ = {isa = PBXBuildFile; fileRef = 4CCCD9291A97930B00AB451F /* EndGamePresenterTest.m */; };
		4CCCD92C1A9795F000AB451F /* HomeViewControllerTest.m in Sources */ = {isa = PBXBuildFile; fileRef = 4CCCD92B1A9795F000AB451F /* HomeViewControllerTest.m */; };
		4CCCD92E1A97A76F00AB451F /* GameViewControllerTest.m in Sources */ = {isa = PBXBuildFile; fileRef = 4CCCD92D1A97A76F00AB451F /* GameViewControllerTest.m */; };
		4CCCD9301A97A8B900AB451F /* EndGameViewController.m in Sources */ = {isa = PBXBuildFile; fileRef = 4CCCD92F1A97A8B900AB451F /* EndGameViewController.m */; };
		4CCCD9331A9B10AE00AB451F /* EndGameView.m in Sources */ = {isa = PBXBuildFile; fileRef = 4CCCD9321A9B10AE00AB451F /* EndGameView.m */; };
/* End PBXBuildFile section */

/* Begin PBXContainerItemProxy section */
		4CCCD8C11A8CEC7A00AB451F /* PBXContainerItemProxy */ = {
			isa = PBXContainerItemProxy;
			containerPortal = 4CCCD89F1A8CEC7A00AB451F /* Project object */;
			proxyType = 1;
			remoteGlobalIDString = 4CCCD8A61A8CEC7A00AB451F;
			remoteInfo = TicTacToe;
		};
/* End PBXContainerItemProxy section */

/* Begin PBXFileReference section */
		4CCCD8A71A8CEC7A00AB451F /* TicTacToe.app */ = {isa = PBXFileReference; explicitFileType = wrapper.application; includeInIndex = 0; path = TicTacToe.app; sourceTree = BUILT_PRODUCTS_DIR; };
		4CCCD8AB1A8CEC7A00AB451F /* Info.plist */ = {isa = PBXFileReference; lastKnownFileType = text.plist.xml; path = Info.plist; sourceTree = "<group>"; };
		4CCCD8AC1A8CEC7A00AB451F /* main.m */ = {isa = PBXFileReference; lastKnownFileType = sourcecode.c.objc; path = main.m; sourceTree = "<group>"; };
		4CCCD8AE1A8CEC7A00AB451F /* AppDelegate.h */ = {isa = PBXFileReference; lastKnownFileType = sourcecode.c.h; path = AppDelegate.h; sourceTree = "<group>"; };
		4CCCD8AF1A8CEC7A00AB451F /* AppDelegate.m */ = {isa = PBXFileReference; lastKnownFileType = sourcecode.c.objc; path = AppDelegate.m; sourceTree = "<group>"; };
		4CCCD8B71A8CEC7A00AB451F /* Images.xcassets */ = {isa = PBXFileReference; lastKnownFileType = folder.assetcatalog; path = Images.xcassets; sourceTree = "<group>"; };
		4CCCD8C01A8CEC7A00AB451F /* TicTacToeTests.xctest */ = {isa = PBXFileReference; explicitFileType = wrapper.cfbundle; includeInIndex = 0; path = TicTacToeTests.xctest; sourceTree = BUILT_PRODUCTS_DIR; };
		4CCCD8C51A8CEC7A00AB451F /* Info.plist */ = {isa = PBXFileReference; lastKnownFileType = text.plist.xml; path = Info.plist; sourceTree = "<group>"; };
		4CCCD8D31A8CEE1200AB451F /* CHPresenter.h */ = {isa = PBXFileReference; fileEncoding = 4; lastKnownFileType = sourcecode.c.h; path = CHPresenter.h; sourceTree = "<group>"; };
		4CCCD8D41A8CEE1200AB451F /* CHPresenter.m */ = {isa = PBXFileReference; fileEncoding = 4; lastKnownFileType = sourcecode.c.objc; path = CHPresenter.m; sourceTree = "<group>"; };
		4CCCD8D51A8CEE1200AB451F /* CHViewController.h */ = {isa = PBXFileReference; fileEncoding = 4; lastKnownFileType = sourcecode.c.h; path = CHViewController.h; sourceTree = "<group>"; };
		4CCCD8D61A8CEE1200AB451F /* CHViewController.m */ = {isa = PBXFileReference; fileEncoding = 4; lastKnownFileType = sourcecode.c.objc; path = CHViewController.m; sourceTree = "<group>"; };
		4CCCD8DB1A8CF5E100AB451F /* HomeViewController.h */ = {isa = PBXFileReference; fileEncoding = 4; lastKnownFileType = sourcecode.c.h; name = HomeViewController.h; path = viewcontrollers/HomeViewController.h; sourceTree = "<group>"; };
		4CCCD8DC1A8CF5E100AB451F /* HomeViewController.m */ = {isa = PBXFileReference; fileEncoding = 4; lastKnownFileType = sourcecode.c.objc; name = HomeViewController.m; path = viewcontrollers/HomeViewController.m; sourceTree = "<group>"; };
		4CCCD8DF1A8CF69600AB451F /* HomePresenter.h */ = {isa = PBXFileReference; fileEncoding = 4; lastKnownFileType = sourcecode.c.h; name = HomePresenter.h; path = presenters/HomePresenter.h; sourceTree = "<group>"; };
		4CCCD8E01A8CF69600AB451F /* HomePresenter.m */ = {isa = PBXFileReference; fileEncoding = 4; lastKnownFileType = sourcecode.c.objc; name = HomePresenter.m; path = presenters/HomePresenter.m; sourceTree = "<group>"; };
		4CCCD8E51A8CFF0400AB451F /* TicTacToeBoard.h */ = {isa = PBXFileReference; fileEncoding = 4; lastKnownFileType = sourcecode.c.h; name = TicTacToeBoard.h; path = model/TicTacToeBoard.h; sourceTree = "<group>"; };
		4CCCD8E61A8CFF0400AB451F /* TicTacToeBoard.m */ = {isa = PBXFileReference; fileEncoding = 4; lastKnownFileType = sourcecode.c.objc; name = TicTacToeBoard.m; path = model/TicTacToeBoard.m; sourceTree = "<group>"; };
		4CCCD8E91A8D099B00AB451F /* ComputerPlayer.h */ = {isa = PBXFileReference; fileEncoding = 4; lastKnownFileType = sourcecode.c.h; name = ComputerPlayer.h; path = model/ComputerPlayer.h; sourceTree = "<group>"; };
		4CCCD8EA1A8D099B00AB451F /* ComputerPlayer.m */ = {isa = PBXFileReference; fileEncoding = 4; lastKnownFileType = sourcecode.c.objc; name = ComputerPlayer.m; path = model/ComputerPlayer.m; sourceTree = "<group>"; };
		4CCCD8EE1A93B7E900AB451F /* TicTacToeBoardTest.m */ = {isa = PBXFileReference; fileEncoding = 4; lastKnownFileType = sourcecode.c.objc; name = TicTacToeBoardTest.m; path = model/TicTacToeBoardTest.m; sourceTree = "<group>"; };
		4CCCD8F11A94C88A00AB451F /* ComputerPlayerTest.m */ = {isa = PBXFileReference; fileEncoding = 4; lastKnownFileType = sourcecode.c.objc; name = ComputerPlayerTest.m; path = model/ComputerPlayerTest.m; sourceTree = "<group>"; };
		4CCCD8F81A94CDAC00AB451F /* HomeView.m */ = {isa = PBXFileReference; fileEncoding = 4; lastKnownFileType = sourcecode.c.objc; name = HomeView.m; path = views/HomeView.m; sourceTree = "<group>"; };
		4CCCD8F91A94CDAC00AB451F /* HomeView.h */ = {isa = PBXFileReference; fileEncoding = 4; lastKnownFileType = sourcecode.c.h; name = HomeView.h; path = views/HomeView.h; sourceTree = "<group>"; };
		4CCCD8FB1A94D56F00AB451F /* GameView.h */ = {isa = PBXFileReference; fileEncoding = 4; lastKnownFileType = sourcecode.c.h; name = GameView.h; path = views/GameView.h; sourceTree = "<group>"; };
		4CCCD8FC1A94D56F00AB451F /* GameView.m */ = {isa = PBXFileReference; fileEncoding = 4; lastKnownFileType = sourcecode.c.objc; name = GameView.m; path = views/GameView.m; sourceTree = "<group>"; };
		4CCCD8FE1A94D90C00AB451F /* GamePresenter.h */ = {isa = PBXFileReference; fileEncoding = 4; lastKnownFileType = sourcecode.c.h; name = GamePresenter.h; path = presenters/GamePresenter.h; sourceTree = "<group>"; };
		4CCCD8FF1A94D90C00AB451F /* GamePresenter.m */ = {isa = PBXFileReference; fileEncoding = 4; lastKnownFileType = sourcecode.c.objc; name = GamePresenter.m; path = presenters/GamePresenter.m; sourceTree = "<group>"; };
		4CCCD9011A94D92F00AB451F /* GameViewController.h */ = {isa = PBXFileReference; fileEncoding = 4; lastKnownFileType = sourcecode.c.h; path = GameViewController.h; sourceTree = "<group>"; };
		4CCCD9021A94D92F00AB451F /* GameViewController.m */ = {isa = PBXFileReference; fileEncoding = 4; lastKnownFileType = sourcecode.c.objc; path = GameViewController.m; sourceTree = "<group>"; };
		4CCCD9041A94DD5C00AB451F /* TicTacToeButton.h */ = {isa = PBXFileReference; fileEncoding = 4; lastKnownFileType = sourcecode.c.h; name = TicTacToeButton.h; path = views/TicTacToeButton.h; sourceTree = "<group>"; };
		4CCCD9051A94DD5C00AB451F /* TicTacToeButton.m */ = {isa = PBXFileReference; fileEncoding = 4; lastKnownFileType = sourcecode.c.objc; name = TicTacToeButton.m; path = views/TicTacToeButton.m; sourceTree = "<group>"; };
		4CCCD9071A962CC500AB451F /* EndGamePresenter.h */ = {isa = PBXFileReference; fileEncoding = 4; lastKnownFileType = sourcecode.c.h; name = EndGamePresenter.h; path = presenters/EndGamePresenter.h; sourceTree = "<group>"; };
		4CCCD9081A962CC500AB451F /* EndGamePresenter.m */ = {isa = PBXFileReference; fileEncoding = 4; lastKnownFileType = sourcecode.c.objc; name = EndGamePresenter.m; path = presenters/EndGamePresenter.m; sourceTree = "<group>"; };
		4CCCD90A1A962CDB00AB451F /* EndGameViewController.h */ = {isa = PBXFileReference; fileEncoding = 4; lastKnownFileType = sourcecode.c.h; path = EndGameViewController.h; sourceTree = "<group>"; };
		4CCCD90B1A962CDB00AB451F /* EndGameViewController.m */ = {isa = PBXFileReference; fileEncoding = 4; lastKnownFileType = sourcecode.c.objc; path = EndGameViewController.m; sourceTree = "<group>"; };
		4CCCD90E1A976F6400AB451F /* libOCMock.a */ = {isa = PBXFileReference; lastKnownFileType = archive.ar; path = libOCMock.a; sourceTree = "<group>"; };
		4CCCD9101A976F6400AB451F /* NSNotificationCenter+OCMAdditions.h */ = {isa = PBXFileReference; fileEncoding = 4; lastKnownFileType = sourcecode.c.h; path = "NSNotificationCenter+OCMAdditions.h"; sourceTree = "<group>"; };
		4CCCD9111A976F6400AB451F /* OCMArg.h */ = {isa = PBXFileReference; fileEncoding = 4; lastKnownFileType = sourcecode.c.h; path = OCMArg.h; sourceTree = "<group>"; };
		4CCCD9121A976F6400AB451F /* OCMConstraint.h */ = {isa = PBXFileReference; fileEncoding = 4; lastKnownFileType = sourcecode.c.h; path = OCMConstraint.h; sourceTree = "<group>"; };
		4CCCD9131A976F6400AB451F /* OCMLocation.h */ = {isa = PBXFileReference; fileEncoding = 4; lastKnownFileType = sourcecode.c.h; path = OCMLocation.h; sourceTree = "<group>"; };
		4CCCD9141A976F6400AB451F /* OCMMacroState.h */ = {isa = PBXFileReference; fileEncoding = 4; lastKnownFileType = sourcecode.c.h; path = OCMMacroState.h; sourceTree = "<group>"; };
		4CCCD9151A976F6400AB451F /* OCMock.h */ = {isa = PBXFileReference; fileEncoding = 4; lastKnownFileType = sourcecode.c.h; path = OCMock.h; sourceTree = "<group>"; };
		4CCCD9161A976F6400AB451F /* OCMockObject.h */ = {isa = PBXFileReference; fileEncoding = 4; lastKnownFileType = sourcecode.c.h; path = OCMockObject.h; sourceTree = "<group>"; };
		4CCCD9171A976F6400AB451F /* OCMRecorder.h */ = {isa = PBXFileReference; fileEncoding = 4; lastKnownFileType = sourcecode.c.h; path = OCMRecorder.h; sourceTree = "<group>"; };
		4CCCD9181A976F6400AB451F /* OCMStubRecorder.h */ = {isa = PBXFileReference; fileEncoding = 4; lastKnownFileType = sourcecode.c.h; path = OCMStubRecorder.h; sourceTree = "<group>"; };
		4CCCD91C1A97722B00AB451F /* GameViewTest.m */ = {isa = PBXFileReference; fileEncoding = 4; lastKnownFileType = sourcecode.c.objc; name = GameViewTest.m; path = views/GameViewTest.m; sourceTree = "<group>"; };
		4CCCD9211A97777400AB451F /* CHPresenterTest.m */ = {isa = PBXFileReference; fileEncoding = 4; lastKnownFileType = sourcecode.c.objc; name = CHPresenterTest.m; path = infrastructure/CHPresenterTest.m; sourceTree = "<group>"; };
		4CCCD9231A97791800AB451F /* CHViewControllerTest.m */ = {isa = PBXFileReference; fileEncoding = 4; lastKnownFileType = sourcecode.c.objc; name = CHViewControllerTest.m; path = infrastructure/CHViewControllerTest.m; sourceTree = "<group>"; };
		4CCCD9251A9779CC00AB451F /* HomePresenterTest.m */ = {isa = PBXFileReference; fileEncoding = 4; lastKnownFileType = sourcecode.c.objc; name = HomePresenterTest.m; path = presenters/HomePresenterTest.m; sourceTree = "<group>"; };
		4CCCD9271A978A6500AB451F /* GamePresenterTest.m */ = {isa = PBXFileReference; fileEncoding = 4; lastKnownFileType = sourcecode.c.objc; name = GamePresenterTest.m; path = presenters/GamePresenterTest.m; sourceTree = "<group>"; };
		4CCCD9291A97930B00AB451F /* EndGamePresenterTest.m */ = {isa = PBXFileReference; fileEncoding = 4; lastKnownFileType = sourcecode.c.objc; name = EndGamePresenterTest.m; path = presenters/EndGamePresenterTest.m; sourceTree = "<group>"; };
		4CCCD92B1A9795F000AB451F /* HomeViewControllerTest.m */ = {isa = PBXFileReference; fileEncoding = 4; lastKnownFileType = sourcecode.c.objc; name = HomeViewControllerTest.m; path = viewcontrollers/HomeViewControllerTest.m; sourceTree = "<group>"; };
		4CCCD92D1A97A76F00AB451F /* GameViewControllerTest.m */ = {isa = PBXFileReference; fileEncoding = 4; lastKnownFileType = sourcecode.c.objc; name = GameViewControllerTest.m; path = viewcontrollers/GameViewControllerTest.m; sourceTree = "<group>"; };
		4CCCD92F1A97A8B900AB451F /* EndGameViewController.m */ = {isa = PBXFileReference; fileEncoding = 4; lastKnownFileType = sourcecode.c.objc; name = EndGameViewController.m; path = viewcontrollers/EndGameViewController.m; sourceTree = "<group>"; };
		4CCCD9311A9B10AE00AB451F /* EndGameView.h */ = {isa = PBXFileReference; fileEncoding = 4; lastKnownFileType = sourcecode.c.h; name = EndGameView.h; path = views/EndGameView.h; sourceTree = "<group>"; };
		4CCCD9321A9B10AE00AB451F /* EndGameView.m */ = {isa = PBXFileReference; fileEncoding = 4; lastKnownFileType = sourcecode.c.objc; name = EndGameView.m; path = views/EndGameView.m; sourceTree = "<group>"; };
		4CCCD9341A9C7A1C00AB451F /* GameStates.h */ = {isa = PBXFileReference; lastKnownFileType = sourcecode.c.h; name = GameStates.h; path = model/GameStates.h; sourceTree = "<group>"; };
/* End PBXFileReference section */

/* Begin PBXFrameworksBuildPhase section */
		4CCCD8A41A8CEC7A00AB451F /* Frameworks */ = {
			isa = PBXFrameworksBuildPhase;
			buildActionMask = 2147483647;
			files = (
				4CCCD9191A976F6400AB451F /* libOCMock.a in Frameworks */,
			);
			runOnlyForDeploymentPostprocessing = 0;
		};
		4CCCD8BD1A8CEC7A00AB451F /* Frameworks */ = {
			isa = PBXFrameworksBuildPhase;
			buildActionMask = 2147483647;
			files = (
				4CCCD91A1A976F9900AB451F /* libOCMock.a in Frameworks */,
			);
			runOnlyForDeploymentPostprocessing = 0;
		};
/* End PBXFrameworksBuildPhase section */

/* Begin PBXGroup section */
		4CCCD89E1A8CEC7A00AB451F = {
			isa = PBXGroup;
			children = (
				4CCCD90D1A976F6400AB451F /* includes */,
				4CCCD8A91A8CEC7A00AB451F /* TicTacToe */,
				4CCCD8C31A8CEC7A00AB451F /* TicTacToeTests */,
				4CCCD8A81A8CEC7A00AB451F /* Products */,
			);
			sourceTree = "<group>";
		};
		4CCCD8A81A8CEC7A00AB451F /* Products */ = {
			isa = PBXGroup;
			children = (
				4CCCD8A71A8CEC7A00AB451F /* TicTacToe.app */,
				4CCCD8C01A8CEC7A00AB451F /* TicTacToeTests.xctest */,
			);
			name = Products;
			sourceTree = "<group>";
		};
		4CCCD8A91A8CEC7A00AB451F /* TicTacToe */ = {
			isa = PBXGroup;
			children = (
				4CCCD8D11A8CEE1200AB451F /* Classes */,
				4CCCD8AE1A8CEC7A00AB451F /* AppDelegate.h */,
				4CCCD8AF1A8CEC7A00AB451F /* AppDelegate.m */,
				4CCCD8B71A8CEC7A00AB451F /* Images.xcassets */,
				4CCCD8AA1A8CEC7A00AB451F /* Supporting Files */,
			);
			path = TicTacToe;
			sourceTree = "<group>";
		};
		4CCCD8AA1A8CEC7A00AB451F /* Supporting Files */ = {
			isa = PBXGroup;
			children = (
				4CCCD8AB1A8CEC7A00AB451F /* Info.plist */,
				4CCCD8AC1A8CEC7A00AB451F /* main.m */,
			);
			name = "Supporting Files";
			sourceTree = "<group>";
		};
		4CCCD8C31A8CEC7A00AB451F /* TicTacToeTests */ = {
			isa = PBXGroup;
			children = (
				4CCCD9201A97774800AB451F /* infrastructure */,
				4CCCD8F01A93B7F000AB451F /* model */,
				4CCCD91E1A9776F000AB451F /* presenters */,
				4CCCD91F1A97773B00AB451F /* viewcontrollers */,
				4CCCD91B1A9771C000AB451F /* views */,
				4CCCD8C41A8CEC7A00AB451F /* Supporting Files */,
			);
			path = TicTacToeTests;
			sourceTree = "<group>";
		};
		4CCCD8C41A8CEC7A00AB451F /* Supporting Files */ = {
			isa = PBXGroup;
			children = (
				4CCCD8C51A8CEC7A00AB451F /* Info.plist */,
			);
			name = "Supporting Files";
			sourceTree = "<group>";
		};
		4CCCD8D11A8CEE1200AB451F /* Classes */ = {
			isa = PBXGroup;
			children = (
				4CCCD8D21A8CEE1200AB451F /* infrastructure */,
				4CCCD8E41A8CFED300AB451F /* model */,
				4CCCD8E21A8CF6A100AB451F /* presenters */,
				4CCCD8DE1A8CF5E900AB451F /* viewcontrollers */,
				4CCCD8F41A94CBFE00AB451F /* views */,
			);
			path = Classes;
			sourceTree = "<group>";
		};
		4CCCD8D21A8CEE1200AB451F /* infrastructure */ = {
			isa = PBXGroup;
			children = (
				4CCCD8D31A8CEE1200AB451F /* CHPresenter.h */,
				4CCCD8D41A8CEE1200AB451F /* CHPresenter.m */,
				4CCCD8D51A8CEE1200AB451F /* CHViewController.h */,
				4CCCD8D61A8CEE1200AB451F /* CHViewController.m */,
			);
			path = infrastructure;
			sourceTree = "<group>";
		};
		4CCCD8DE1A8CF5E900AB451F /* viewcontrollers */ = {
			isa = PBXGroup;
			children = (
				4CCCD8DB1A8CF5E100AB451F /* HomeViewController.h */,
				4CCCD8DC1A8CF5E100AB451F /* HomeViewController.m */,
				4CCCD9011A94D92F00AB451F /* GameViewController.h */,
				4CCCD9021A94D92F00AB451F /* GameViewController.m */,
				4CCCD90A1A962CDB00AB451F /* EndGameViewController.h */,
				4CCCD90B1A962CDB00AB451F /* EndGameViewController.m */,
			);
			name = viewcontrollers;
			sourceTree = "<group>";
		};
		4CCCD8E21A8CF6A100AB451F /* presenters */ = {
			isa = PBXGroup;
			children = (
				4CCCD8DF1A8CF69600AB451F /* HomePresenter.h */,
				4CCCD8E01A8CF69600AB451F /* HomePresenter.m */,
				4CCCD8FE1A94D90C00AB451F /* GamePresenter.h */,
				4CCCD8FF1A94D90C00AB451F /* GamePresenter.m */,
				4CCCD9071A962CC500AB451F /* EndGamePresenter.h */,
				4CCCD9081A962CC500AB451F /* EndGamePresenter.m */,
			);
			name = presenters;
			sourceTree = "<group>";
		};
		4CCCD8E41A8CFED300AB451F /* model */ = {
			isa = PBXGroup;
			children = (
				4CCCD8E51A8CFF0400AB451F /* TicTacToeBoard.h */,
				4CCCD8E61A8CFF0400AB451F /* TicTacToeBoard.m */,
				4CCCD8E91A8D099B00AB451F /* ComputerPlayer.h */,
				4CCCD8EA1A8D099B00AB451F /* ComputerPlayer.m */,
				4CCCD9341A9C7A1C00AB451F /* GameStates.h */,
			);
			name = model;
			sourceTree = "<group>";
		};
		4CCCD8F01A93B7F000AB451F /* model */ = {
			isa = PBXGroup;
			children = (
				4CCCD8EE1A93B7E900AB451F /* TicTacToeBoardTest.m */,
				4CCCD8F11A94C88A00AB451F /* ComputerPlayerTest.m */,
			);
			name = model;
			sourceTree = "<group>";
		};
		4CCCD8F41A94CBFE00AB451F /* views */ = {
			isa = PBXGroup;
			children = (
				4CCCD8F91A94CDAC00AB451F /* HomeView.h */,
				4CCCD8F81A94CDAC00AB451F /* HomeView.m */,
				4CCCD8FB1A94D56F00AB451F /* GameView.h */,
				4CCCD8FC1A94D56F00AB451F /* GameView.m */,
				4CCCD9041A94DD5C00AB451F /* TicTacToeButton.h */,
				4CCCD9051A94DD5C00AB451F /* TicTacToeButton.m */,
				4CCCD9311A9B10AE00AB451F /* EndGameView.h */,
				4CCCD9321A9B10AE00AB451F /* EndGameView.m */,
			);
			name = views;
			sourceTree = "<group>";
		};
		4CCCD90D1A976F6400AB451F /* includes */ = {
			isa = PBXGroup;
			children = (
				4CCCD90E1A976F6400AB451F /* libOCMock.a */,
				4CCCD90F1A976F6400AB451F /* OCMock */,
			);
			path = includes;
			sourceTree = "<group>";
		};
		4CCCD90F1A976F6400AB451F /* OCMock */ = {
			isa = PBXGroup;
			children = (
				4CCCD9101A976F6400AB451F /* NSNotificationCenter+OCMAdditions.h */,
				4CCCD9111A976F6400AB451F /* OCMArg.h */,
				4CCCD9121A976F6400AB451F /* OCMConstraint.h */,
				4CCCD9131A976F6400AB451F /* OCMLocation.h */,
				4CCCD9141A976F6400AB451F /* OCMMacroState.h */,
				4CCCD9151A976F6400AB451F /* OCMock.h */,
				4CCCD9161A976F6400AB451F /* OCMockObject.h */,
				4CCCD9171A976F6400AB451F /* OCMRecorder.h */,
				4CCCD9181A976F6400AB451F /* OCMStubRecorder.h */,
			);
			path = OCMock;
			sourceTree = "<group>";
		};
		4CCCD91B1A9771C000AB451F /* views */ = {
			isa = PBXGroup;
			children = (
				4CCCD91C1A97722B00AB451F /* GameViewTest.m */,
			);
			name = views;
			sourceTree = "<group>";
		};
		4CCCD91E1A9776F000AB451F /* presenters */ = {
			isa = PBXGroup;
			children = (
				4CCCD9251A9779CC00AB451F /* HomePresenterTest.m */,
				4CCCD9271A978A6500AB451F /* GamePresenterTest.m */,
				4CCCD9291A97930B00AB451F /* EndGamePresenterTest.m */,
			);
			name = presenters;
			sourceTree = "<group>";
		};
		4CCCD91F1A97773B00AB451F /* viewcontrollers */ = {
			isa = PBXGroup;
			children = (
				4CCCD92B1A9795F000AB451F /* HomeViewControllerTest.m */,
				4CCCD92D1A97A76F00AB451F /* GameViewControllerTest.m */,
				4CCCD92F1A97A8B900AB451F /* EndGameViewController.m */,
			);
			name = viewcontrollers;
			sourceTree = "<group>";
		};
		4CCCD9201A97774800AB451F /* infrastructure */ = {
			isa = PBXGroup;
			children = (
				4CCCD9211A97777400AB451F /* CHPresenterTest.m */,
				4CCCD9231A97791800AB451F /* CHViewControllerTest.m */,
			);
			name = infrastructure;
			sourceTree = "<group>";
		};
/* End PBXGroup section */

/* Begin PBXNativeTarget section */
		4CCCD8A61A8CEC7A00AB451F /* TicTacToe */ = {
			isa = PBXNativeTarget;
			buildConfigurationList = 4CCCD8CA1A8CEC7A00AB451F /* Build configuration list for PBXNativeTarget "TicTacToe" */;
			buildPhases = (
				4CCCD8A31A8CEC7A00AB451F /* Sources */,
				4CCCD8A41A8CEC7A00AB451F /* Frameworks */,
				4CCCD8A51A8CEC7A00AB451F /* Resources */,
			);
			buildRules = (
			);
			dependencies = (
			);
			name = TicTacToe;
			productName = TicTacToe;
			productReference = 4CCCD8A71A8CEC7A00AB451F /* TicTacToe.app */;
			productType = "com.apple.product-type.application";
		};
		4CCCD8BF1A8CEC7A00AB451F /* TicTacToeTests */ = {
			isa = PBXNativeTarget;
			buildConfigurationList = 4CCCD8CD1A8CEC7A00AB451F /* Build configuration list for PBXNativeTarget "TicTacToeTests" */;
			buildPhases = (
				4CCCD8BC1A8CEC7A00AB451F /* Sources */,
				4CCCD8BD1A8CEC7A00AB451F /* Frameworks */,
				4CCCD8BE1A8CEC7A00AB451F /* Resources */,
			);
			buildRules = (
			);
			dependencies = (
				4CCCD8C21A8CEC7A00AB451F /* PBXTargetDependency */,
			);
			name = TicTacToeTests;
			productName = TicTacToeTests;
			productReference = 4CCCD8C01A8CEC7A00AB451F /* TicTacToeTests.xctest */;
			productType = "com.apple.product-type.bundle.unit-test";
		};
/* End PBXNativeTarget section */

/* Begin PBXProject section */
		4CCCD89F1A8CEC7A00AB451F /* Project object */ = {
			isa = PBXProject;
			attributes = {
				LastUpgradeCheck = 0610;
				ORGANIZATIONNAME = catehuston.com;
				TargetAttributes = {
					4CCCD8A61A8CEC7A00AB451F = {
						CreatedOnToolsVersion = 6.1.1;
					};
					4CCCD8BF1A8CEC7A00AB451F = {
						CreatedOnToolsVersion = 6.1.1;
						TestTargetID = 4CCCD8A61A8CEC7A00AB451F;
					};
				};
			};
			buildConfigurationList = 4CCCD8A21A8CEC7A00AB451F /* Build configuration list for PBXProject "TicTacToe" */;
			compatibilityVersion = "Xcode 3.2";
			developmentRegion = English;
			hasScannedForEncodings = 0;
			knownRegions = (
				en,
				Base,
			);
			mainGroup = 4CCCD89E1A8CEC7A00AB451F;
			productRefGroup = 4CCCD8A81A8CEC7A00AB451F /* Products */;
			projectDirPath = "";
			projectRoot = "";
			targets = (
				4CCCD8A61A8CEC7A00AB451F /* TicTacToe */,
				4CCCD8BF1A8CEC7A00AB451F /* TicTacToeTests */,
			);
		};
/* End PBXProject section */

/* Begin PBXResourcesBuildPhase section */
		4CCCD8A51A8CEC7A00AB451F /* Resources */ = {
			isa = PBXResourcesBuildPhase;
			buildActionMask = 2147483647;
			files = (
				4CCCD8B81A8CEC7A00AB451F /* Images.xcassets in Resources */,
			);
			runOnlyForDeploymentPostprocessing = 0;
		};
		4CCCD8BE1A8CEC7A00AB451F /* Resources */ = {
			isa = PBXResourcesBuildPhase;
			buildActionMask = 2147483647;
			files = (
			);
			runOnlyForDeploymentPostprocessing = 0;
		};
/* End PBXResourcesBuildPhase section */

/* Begin PBXSourcesBuildPhase section */
		4CCCD8A31A8CEC7A00AB451F /* Sources */ = {
			isa = PBXSourcesBuildPhase;
			buildActionMask = 2147483647;
			files = (
				4CCCD8FA1A94CDAC00AB451F /* HomeView.m in Sources */,
				4CCCD9001A94D90C00AB451F /* GamePresenter.m in Sources */,
				4CCCD8D71A8CEE1200AB451F /* CHPresenter.m in Sources */,
				4CCCD8D81A8CEE1200AB451F /* CHViewController.m in Sources */,
				4CCCD9331A9B10AE00AB451F /* EndGameView.m in Sources */,
				4CCCD90C1A962CDB00AB451F /* EndGameViewController.m in Sources */,
				4CCCD9031A94D92F00AB451F /* GameViewController.m in Sources */,
				4CCCD8B01A8CEC7A00AB451F /* AppDelegate.m in Sources */,
				4CCCD8AD1A8CEC7A00AB451F /* main.m in Sources */,
				4CCCD8E11A8CF69600AB451F /* HomePresenter.m in Sources */,
				4CCCD9061A94DD5C00AB451F /* TicTacToeButton.m in Sources */,
				4CCCD8FD1A94D56F00AB451F /* GameView.m in Sources */,
				4CCCD8E71A8CFF0400AB451F /* TicTacToeBoard.m in Sources */,
				4CCCD8DD1A8CF5E100AB451F /* HomeViewController.m in Sources */,
				4CCCD9091A962CC500AB451F /* EndGamePresenter.m in Sources */,
				4CCCD8EB1A8D099B00AB451F /* ComputerPlayer.m in Sources */,
			);
			runOnlyForDeploymentPostprocessing = 0;
		};
		4CCCD8BC1A8CEC7A00AB451F /* Sources */ = {
			isa = PBXSourcesBuildPhase;
			buildActionMask = 2147483647;
			files = (
				4CCCD92E1A97A76F00AB451F /* GameViewControllerTest.m in Sources */,
				4CCCD9301A97A8B900AB451F /* EndGameViewController.m in Sources */,
				4CCCD8EF1A93B7E900AB451F /* TicTacToeBoardTest.m in Sources */,
				4CCCD91D1A97722B00AB451F /* GameViewTest.m in Sources */,
				4CCCD92A1A97930B00AB451F /* EndGamePresenterTest.m in Sources */,
				4CCCD8F21A94C88A00AB451F /* ComputerPlayerTest.m in Sources */,
				4CCCD9241A97791800AB451F /* CHViewControllerTest.m in Sources */,
				4CCCD9221A97777400AB451F /* CHPresenterTest.m in Sources */,
				4CCCD9281A978A6500AB451F /* GamePresenterTest.m in Sources */,
				4CCCD92C1A9795F000AB451F /* HomeViewControllerTest.m in Sources */,
				4CCCD9261A9779CC00AB451F /* HomePresenterTest.m in Sources */,
			);
			runOnlyForDeploymentPostprocessing = 0;
		};
/* End PBXSourcesBuildPhase section */

/* Begin PBXTargetDependency section */
		4CCCD8C21A8CEC7A00AB451F /* PBXTargetDependency */ = {
			isa = PBXTargetDependency;
			target = 4CCCD8A61A8CEC7A00AB451F /* TicTacToe */;
			targetProxy = 4CCCD8C11A8CEC7A00AB451F /* PBXContainerItemProxy */;
		};
/* End PBXTargetDependency section */

/* Begin XCBuildConfiguration section */
		4CCCD8C81A8CEC7A00AB451F /* Debug */ = {
			isa = XCBuildConfiguration;
			buildSettings = {
				ALWAYS_SEARCH_USER_PATHS = NO;
				CLANG_CXX_LANGUAGE_STANDARD = "gnu++0x";
				CLANG_CXX_LIBRARY = "libc++";
				CLANG_ENABLE_MODULES = YES;
				CLANG_ENABLE_OBJC_ARC = YES;
				CLANG_WARN_BOOL_CONVERSION = YES;
				CLANG_WARN_CONSTANT_CONVERSION = YES;
				CLANG_WARN_DIRECT_OBJC_ISA_USAGE = YES_ERROR;
				CLANG_WARN_EMPTY_BODY = YES;
				CLANG_WARN_ENUM_CONVERSION = YES;
				CLANG_WARN_INT_CONVERSION = YES;
				CLANG_WARN_OBJC_ROOT_CLASS = YES_ERROR;
				CLANG_WARN_UNREACHABLE_CODE = YES;
				CLANG_WARN__DUPLICATE_METHOD_MATCH = YES;
				"CODE_SIGN_IDENTITY[sdk=iphoneos*]" = "iPhone Developer";
				COPY_PHASE_STRIP = NO;
				ENABLE_STRICT_OBJC_MSGSEND = YES;
				GCC_C_LANGUAGE_STANDARD = gnu99;
				GCC_DYNAMIC_NO_PIC = NO;
				GCC_OPTIMIZATION_LEVEL = 0;
				GCC_PREPROCESSOR_DEFINITIONS = (
					"DEBUG=1",
					"$(inherited)",
				);
				GCC_SYMBOLS_PRIVATE_EXTERN = NO;
				GCC_WARN_64_TO_32_BIT_CONVERSION = YES;
				GCC_WARN_ABOUT_RETURN_TYPE = YES_ERROR;
				GCC_WARN_UNDECLARED_SELECTOR = YES;
				GCC_WARN_UNINITIALIZED_AUTOS = YES_AGGRESSIVE;
				GCC_WARN_UNUSED_FUNCTION = YES;
				GCC_WARN_UNUSED_VARIABLE = YES;
				IPHONEOS_DEPLOYMENT_TARGET = 8.1;
				MTL_ENABLE_DEBUG_INFO = YES;
				ONLY_ACTIVE_ARCH = YES;
				SDKROOT = iphoneos;
			};
			name = Debug;
		};
		4CCCD8C91A8CEC7A00AB451F /* Release */ = {
			isa = XCBuildConfiguration;
			buildSettings = {
				ALWAYS_SEARCH_USER_PATHS = NO;
				CLANG_CXX_LANGUAGE_STANDARD = "gnu++0x";
				CLANG_CXX_LIBRARY = "libc++";
				CLANG_ENABLE_MODULES = YES;
				CLANG_ENABLE_OBJC_ARC = YES;
				CLANG_WARN_BOOL_CONVERSION = YES;
				CLANG_WARN_CONSTANT_CONVERSION = YES;
				CLANG_WARN_DIRECT_OBJC_ISA_USAGE = YES_ERROR;
				CLANG_WARN_EMPTY_BODY = YES;
				CLANG_WARN_ENUM_CONVERSION = YES;
				CLANG_WARN_INT_CONVERSION = YES;
				CLANG_WARN_OBJC_ROOT_CLASS = YES_ERROR;
				CLANG_WARN_UNREACHABLE_CODE = YES;
				CLANG_WARN__DUPLICATE_METHOD_MATCH = YES;
				"CODE_SIGN_IDENTITY[sdk=iphoneos*]" = "iPhone Developer";
				COPY_PHASE_STRIP = YES;
				ENABLE_NS_ASSERTIONS = NO;
				ENABLE_STRICT_OBJC_MSGSEND = YES;
				GCC_C_LANGUAGE_STANDARD = gnu99;
				GCC_WARN_64_TO_32_BIT_CONVERSION = YES;
				GCC_WARN_ABOUT_RETURN_TYPE = YES_ERROR;
				GCC_WARN_UNDECLARED_SELECTOR = YES;
				GCC_WARN_UNINITIALIZED_AUTOS = YES_AGGRESSIVE;
				GCC_WARN_UNUSED_FUNCTION = YES;
				GCC_WARN_UNUSED_VARIABLE = YES;
				IPHONEOS_DEPLOYMENT_TARGET = 8.1;
				MTL_ENABLE_DEBUG_INFO = NO;
				SDKROOT = iphoneos;
				VALIDATE_PRODUCT = YES;
			};
			name = Release;
		};
		4CCCD8CB1A8CEC7A00AB451F /* Debug */ = {
			isa = XCBuildConfiguration;
			buildSettings = {
				ASSETCATALOG_COMPILER_APPICON_NAME = AppIcon;
				INFOPLIST_FILE = TicTacToe/Info.plist;
				LD_RUNPATH_SEARCH_PATHS = "$(inherited) @executable_path/Frameworks";
				LIBRARY_SEARCH_PATHS = (
					"$(inherited)",
					"$(PROJECT_DIR)/includes",
				);
				PRODUCT_NAME = "$(TARGET_NAME)";
			};
			name = Debug;
		};
		4CCCD8CC1A8CEC7A00AB451F /* Release */ = {
			isa = XCBuildConfiguration;
			buildSettings = {
				ASSETCATALOG_COMPILER_APPICON_NAME = AppIcon;
				INFOPLIST_FILE = TicTacToe/Info.plist;
				LD_RUNPATH_SEARCH_PATHS = "$(inherited) @executable_path/Frameworks";
				LIBRARY_SEARCH_PATHS = (
					"$(inherited)",
					"$(PROJECT_DIR)/includes",
				);
				PRODUCT_NAME = "$(TARGET_NAME)";
			};
			name = Release;
		};
		4CCCD8CE1A8CEC7A00AB451F /* Debug */ = {
			isa = XCBuildConfiguration;
			buildSettings = {
				BUNDLE_LOADER = "$(TEST_HOST)";
				FRAMEWORK_SEARCH_PATHS = (
					"$(SDKROOT)/Developer/Library/Frameworks",
					"$(inherited)",
				);
				GCC_PREPROCESSOR_DEFINITIONS = (
					"DEBUG=1",
					"$(inherited)",
				);
				HEADER_SEARCH_PATHS = (
					"$(inherited)",
					/Applications/Xcode.app/Contents/Developer/Toolchains/XcodeDefault.xctoolchain/usr/include,
					"$(PROJECT_DIR)/includes",
				);
				INFOPLIST_FILE = TicTacToeTests/Info.plist;
				LD_RUNPATH_SEARCH_PATHS = "$(inherited) @executable_path/Frameworks @loader_path/Frameworks";
				LIBRARY_SEARCH_PATHS = (
					"$(inherited)",
					"$(PROJECT_DIR)/includes",
				);
				OTHER_LDFLAGS = (
					"$(inherited)",
					"-framework",
					XCTest,
					"-ObjC",
				);
				PRODUCT_NAME = "$(TARGET_NAME)";
				TEST_HOST = "$(BUILT_PRODUCTS_DIR)/TicTacToe.app/TicTacToe";
			};
			name = Debug;
		};
		4CCCD8CF1A8CEC7A00AB451F /* Release */ = {
			isa = XCBuildConfiguration;
			buildSettings = {
				BUNDLE_LOADER = "$(TEST_HOST)";
				FRAMEWORK_SEARCH_PATHS = (
					"$(SDKROOT)/Developer/Library/Frameworks",
					"$(inherited)",
				);
				HEADER_SEARCH_PATHS = (
					"$(inherited)",
					/Applications/Xcode.app/Contents/Developer/Toolchains/XcodeDefault.xctoolchain/usr/include,
					"$(PROJECT_DIR)/includes",
				);
				INFOPLIST_FILE = TicTacToeTests/Info.plist;
				LD_RUNPATH_SEARCH_PATHS = "$(inherited) @executable_path/Frameworks @loader_path/Frameworks";
				LIBRARY_SEARCH_PATHS = (
					"$(inherited)",
					"$(PROJECT_DIR)/includes",
				);
				OTHER_LDFLAGS = (
					"$(inherited)",
					"-framework",
					XCTest,
					"-ObjC",
				);
				PRODUCT_NAME = "$(TARGET_NAME)";
				TEST_HOST = "$(BUILT_PRODUCTS_DIR)/TicTacToe.app/TicTacToe";
			};
			name = Release;
		};
/* End XCBuildConfiguration section */

/* Begin XCConfigurationList section */
		4CCCD8A21A8CEC7A00AB451F /* Build configuration list for PBXProject "TicTacToe" */ = {
			isa = XCConfigurationList;
			buildConfigurations = (
				4CCCD8C81A8CEC7A00AB451F /* Debug */,
				4CCCD8C91A8CEC7A00AB451F /* Release */,
			);
			defaultConfigurationIsVisible = 0;
			defaultConfigurationName = Release;
		};
		4CCCD8CA1A8CEC7A00AB451F /* Build configuration list for PBXNativeTarget "TicTacToe" */ = {
			isa = XCConfigurationList;
			buildConfigurations = (
				4CCCD8CB1A8CEC7A00AB451F /* Debug */,
				4CCCD8CC1A8CEC7A00AB451F /* Release */,
			);
			defaultConfigurationIsVisible = 0;
			defaultConfigurationName = Release;
		};
		4CCCD8CD1A8CEC7A00AB451F /* Build configuration list for PBXNativeTarget "TicTacToeTests" */ = {
			isa = XCConfigurationList;
			buildConfigurations = (
				4CCCD8CE1A8CEC7A00AB451F /* Debug */,
				4CCCD8CF1A8CEC7A00AB451F /* Release */,
			);
			defaultConfigurationIsVisible = 0;
			defaultConfigurationName = Release;
		};
/* End XCConfigurationList section */
	};
	rootObject = 4CCCD89F1A8CEC7A00AB451F /* Project object */;
}
