// !$*UTF8*$!
{
	archiveVersion = 1;
	classes = {
	};
	objectVersion = 46;
	objects = {

/* Begin PBXBuildFile section */
		4CCCD8AD1A8CEC7A00AB451F /* main.m in Sources */ = {isa = PBXBuildFile; fileRef = 4CCCD8AC1A8CEC7A00AB451F /* main.m */; };
		4CCCD8B01A8CEC7A00AB451F /* AppDelegate.m in Sources */ = {isa = PBXBuildFile; fileRef = 4CCCD8AF1A8CEC7A00AB451F /* AppDelegate.m */; };
		4CCCD8B31A8CEC7A00AB451F /* ViewController.m in Sources */ = {isa = PBXBuildFile; fileRef = 4CCCD8B21A8CEC7A00AB451F /* ViewController.m */; };
		4CCCD8B81A8CEC7A00AB451F /* Images.xcassets in Resources */ = {isa = PBXBuildFile; fileRef = 4CCCD8B71A8CEC7A00AB451F /* Images.xcassets */; };
		4CCCD8C71A8CEC7A00AB451F /* TicTacToeTests.m in Sources */ = {isa = PBXBuildFile; fileRef = 4CCCD8C61A8CEC7A00AB451F /* TicTacToeTests.m */; };
		4CCCD8D71A8CEE1200AB451F /* CHPresenter.m in Sources */ = {isa = PBXBuildFile; fileRef = 4CCCD8D41A8CEE1200AB451F /* CHPresenter.m */; };
		4CCCD8D81A8CEE1200AB451F /* CHViewController.m in Sources */ = {isa = PBXBuildFile; fileRef = 4CCCD8D61A8CEE1200AB451F /* CHViewController.m */; };
/* End PBXBuildFile section */

/* Begin PBXContainerItemProxy section */
		4CCCD8C11A8CEC7A00AB451F /* PBXContainerItemProxy */ = {
			isa = PBXContainerItemProxy;
			containerPortal = 4CCCD89F1A8CEC7A00AB451F /* Project object */;
			proxyType = 1;
			remoteGlobalIDString = 4CCCD8A61A8CEC7A00AB451F;
			remoteInfo = TicTacToe;
		};
/* End PBXContainerItemProxy section */

/* Begin PBXFileReference section */
		4CCCD8A71A8CEC7A00AB451F /* TicTacToe.app */ = {isa = PBXFileReference; explicitFileType = wrapper.application; includeInIndex = 0; path = TicTacToe.app; sourceTree = BUILT_PRODUCTS_DIR; };
		4CCCD8AB1A8CEC7A00AB451F /* Info.plist */ = {isa = PBXFileReference; lastKnownFileType = text.plist.xml; path = Info.plist; sourceTree = "<group>"; };
		4CCCD8AC1A8CEC7A00AB451F /* main.m */ = {isa = PBXFileReference; lastKnownFileType = sourcecode.c.objc; path = main.m; sourceTree = "<group>"; };
		4CCCD8AE1A8CEC7A00AB451F /* AppDelegate.h */ = {isa = PBXFileReference; lastKnownFileType = sourcecode.c.h; path = AppDelegate.h; sourceTree = "<group>"; };
		4CCCD8AF1A8CEC7A00AB451F /* AppDelegate.m */ = {isa = PBXFileReference; lastKnownFileType = sourcecode.c.objc; path = AppDelegate.m; sourceTree = "<group>"; };
		4CCCD8B11A8CEC7A00AB451F /* ViewController.h */ = {isa = PBXFileReference; lastKnownFileType = sourcecode.c.h; path = ViewController.h; sourceTree = "<group>"; };
		4CCCD8B21A8CEC7A00AB451F /* ViewController.m */ = {isa = PBXFileReference; lastKnownFileType = sourcecode.c.objc; path = ViewController.m; sourceTree = "<group>"; };
		4CCCD8B71A8CEC7A00AB451F /* Images.xcassets */ = {isa = PBXFileReference; lastKnownFileType = folder.assetcatalog; path = Images.xcassets; sourceTree = "<group>"; };
		4CCCD8C01A8CEC7A00AB451F /* TicTacToeTests.xctest */ = {isa = PBXFileReference; explicitFileType = wrapper.cfbundle; includeInIndex = 0; path = TicTacToeTests.xctest; sourceTree = BUILT_PRODUCTS_DIR; };
		4CCCD8C51A8CEC7A00AB451F /* Info.plist */ = {isa = PBXFileReference; lastKnownFileType = text.plist.xml; path = Info.plist; sourceTree = "<group>"; };
		4CCCD8C61A8CEC7A00AB451F /* TicTacToeTests.m */ = {isa = PBXFileReference; lastKnownFileType = sourcecode.c.objc; path = TicTacToeTests.m; sourceTree = "<group>"; };
		4CCCD8D31A8CEE1200AB451F /* CHPresenter.h */ = {isa = PBXFileReference; fileEncoding = 4; lastKnownFileType = sourcecode.c.h; path = CHPresenter.h; sourceTree = "<group>"; };
		4CCCD8D41A8CEE1200AB451F /* CHPresenter.m */ = {isa = PBXFileReference; fileEncoding = 4; lastKnownFileType = sourcecode.c.objc; path = CHPresenter.m; sourceTree = "<group>"; };
		4CCCD8D51A8CEE1200AB451F /* CHViewController.h */ = {isa = PBXFileReference; fileEncoding = 4; lastKnownFileType = sourcecode.c.h; path = CHViewController.h; sourceTree = "<group>"; };
		4CCCD8D61A8CEE1200AB451F /* CHViewController.m */ = {isa = PBXFileReference; fileEncoding = 4; lastKnownFileType = sourcecode.c.objc; path = CHViewController.m; sourceTree = "<group>"; };
/* End PBXFileReference section */

/* Begin PBXFrameworksBuildPhase section */
		4CCCD8A41A8CEC7A00AB451F /* Frameworks */ = {
			isa = PBXFrameworksBuildPhase;
			buildActionMask = 2147483647;
			files = (
			);
			runOnlyForDeploymentPostprocessing = 0;
		};
		4CCCD8BD1A8CEC7A00AB451F /* Frameworks */ = {
			isa = PBXFrameworksBuildPhase;
			buildActionMask = 2147483647;
			files = (
			);
			runOnlyForDeploymentPostprocessing = 0;
		};
/* End PBXFrameworksBuildPhase section */

/* Begin PBXGroup section */
		4CCCD89E1A8CEC7A00AB451F = {
			isa = PBXGroup;
			children = (
				4CCCD8A91A8CEC7A00AB451F /* TicTacToe */,
				4CCCD8C31A8CEC7A00AB451F /* TicTacToeTests */,
				4CCCD8A81A8CEC7A00AB451F /* Products */,
			);
			sourceTree = "<group>";
		};
		4CCCD8A81A8CEC7A00AB451F /* Products */ = {
			isa = PBXGroup;
			children = (
				4CCCD8A71A8CEC7A00AB451F /* TicTacToe.app */,
				4CCCD8C01A8CEC7A00AB451F /* TicTacToeTests.xctest */,
			);
			name = Products;
			sourceTree = "<group>";
		};
		4CCCD8A91A8CEC7A00AB451F /* TicTacToe */ = {
			isa = PBXGroup;
			children = (
				4CCCD8D11A8CEE1200AB451F /* Classes */,
				4CCCD8AE1A8CEC7A00AB451F /* AppDelegate.h */,
				4CCCD8AF1A8CEC7A00AB451F /* AppDelegate.m */,
				4CCCD8B11A8CEC7A00AB451F /* ViewController.h */,
				4CCCD8B21A8CEC7A00AB451F /* ViewController.m */,
				4CCCD8B71A8CEC7A00AB451F /* Images.xcassets */,
				4CCCD8AA1A8CEC7A00AB451F /* Supporting Files */,
			);
			path = TicTacToe;
			sourceTree = "<group>";
		};
		4CCCD8AA1A8CEC7A00AB451F /* Supporting Files */ = {
			isa = PBXGroup;
			children = (
				4CCCD8AB1A8CEC7A00AB451F /* Info.plist */,
				4CCCD8AC1A8CEC7A00AB451F /* main.m */,
			);
			name = "Supporting Files";
			sourceTree = "<group>";
		};
		4CCCD8C31A8CEC7A00AB451F /* TicTacToeTests */ = {
			isa = PBXGroup;
			children = (
				4CCCD8C61A8CEC7A00AB451F /* TicTacToeTests.m */,
				4CCCD8C41A8CEC7A00AB451F /* Supporting Files */,
			);
			path = TicTacToeTests;
			sourceTree = "<group>";
		};
		4CCCD8C41A8CEC7A00AB451F /* Supporting Files */ = {
			isa = PBXGroup;
			children = (
				4CCCD8C51A8CEC7A00AB451F /* Info.plist */,
			);
			name = "Supporting Files";
			sourceTree = "<group>";
		};
		4CCCD8D11A8CEE1200AB451F /* Classes */ = {
			isa = PBXGroup;
			children = (
				4CCCD8D21A8CEE1200AB451F /* infrastructure */,
			);
			path = Classes;
			sourceTree = "<group>";
		};
		4CCCD8D21A8CEE1200AB451F /* infrastructure */ = {
			isa = PBXGroup;
			children = (
				4CCCD8D31A8CEE1200AB451F /* CHPresenter.h */,
				4CCCD8D41A8CEE1200AB451F /* CHPresenter.m */,
				4CCCD8D51A8CEE1200AB451F /* CHViewController.h */,
				4CCCD8D61A8CEE1200AB451F /* CHViewController.m */,
			);
			path = infrastructure;
			sourceTree = "<group>";
		};
/* End PBXGroup section */

/* Begin PBXNativeTarget section */
		4CCCD8A61A8CEC7A00AB451F /* TicTacToe */ = {
			isa = PBXNativeTarget;
			buildConfigurationList = 4CCCD8CA1A8CEC7A00AB451F /* Build configuration list for PBXNativeTarget "TicTacToe" */;
			buildPhases = (
				4CCCD8A31A8CEC7A00AB451F /* Sources */,
				4CCCD8A41A8CEC7A00AB451F /* Frameworks */,
				4CCCD8A51A8CEC7A00AB451F /* Resources */,
			);
			buildRules = (
			);
			dependencies = (
			);
			name = TicTacToe;
			productName = TicTacToe;
			productReference = 4CCCD8A71A8CEC7A00AB451F /* TicTacToe.app */;
			productType = "com.apple.product-type.application";
		};
		4CCCD8BF1A8CEC7A00AB451F /* TicTacToeTests */ = {
			isa = PBXNativeTarget;
			buildConfigurationList = 4CCCD8CD1A8CEC7A00AB451F /* Build configuration list for PBXNativeTarget "TicTacToeTests" */;
			buildPhases = (
				4CCCD8BC1A8CEC7A00AB451F /* Sources */,
				4CCCD8BD1A8CEC7A00AB451F /* Frameworks */,
				4CCCD8BE1A8CEC7A00AB451F /* Resources */,
			);
			buildRules = (
			);
			dependencies = (
				4CCCD8C21A8CEC7A00AB451F /* PBXTargetDependency */,
			);
			name = TicTacToeTests;
			productName = TicTacToeTests;
			productReference = 4CCCD8C01A8CEC7A00AB451F /* TicTacToeTests.xctest */;
			productType = "com.apple.product-type.bundle.unit-test";
		};
/* End PBXNativeTarget section */

/* Begin PBXProject section */
		4CCCD89F1A8CEC7A00AB451F /* Project object */ = {
			isa = PBXProject;
			attributes = {
				LastUpgradeCheck = 0610;
				ORGANIZATIONNAME = catehuston.com;
				TargetAttributes = {
					4CCCD8A61A8CEC7A00AB451F = {
						CreatedOnToolsVersion = 6.1.1;
					};
					4CCCD8BF1A8CEC7A00AB451F = {
						CreatedOnToolsVersion = 6.1.1;
						TestTargetID = 4CCCD8A61A8CEC7A00AB451F;
					};
				};
			};
			buildConfigurationList = 4CCCD8A21A8CEC7A00AB451F /* Build configuration list for PBXProject "TicTacToe" */;
			compatibilityVersion = "Xcode 3.2";
			developmentRegion = English;
			hasScannedForEncodings = 0;
			knownRegions = (
				en,
				Base,
			);
			mainGroup = 4CCCD89E1A8CEC7A00AB451F;
			productRefGroup = 4CCCD8A81A8CEC7A00AB451F /* Products */;
			projectDirPath = "";
			projectRoot = "";
			targets = (
				4CCCD8A61A8CEC7A00AB451F /* TicTacToe */,
				4CCCD8BF1A8CEC7A00AB451F /* TicTacToeTests */,
			);
		};
/* End PBXProject section */

/* Begin PBXResourcesBuildPhase section */
		4CCCD8A51A8CEC7A00AB451F /* Resources */ = {
			isa = PBXResourcesBuildPhase;
			buildActionMask = 2147483647;
			files = (
				4CCCD8B81A8CEC7A00AB451F /* Images.xcassets in Resources */,
			);
			runOnlyForDeploymentPostprocessing = 0;
		};
		4CCCD8BE1A8CEC7A00AB451F /* Resources */ = {
			isa = PBXResourcesBuildPhase;
			buildActionMask = 2147483647;
			files = (
			);
			runOnlyForDeploymentPostprocessing = 0;
		};
/* End PBXResourcesBuildPhase section */

/* Begin PBXSourcesBuildPhase section */
		4CCCD8A31A8CEC7A00AB451F /* Sources */ = {
			isa = PBXSourcesBuildPhase;
			buildActionMask = 2147483647;
			files = (
				4CCCD8B31A8CEC7A00AB451F /* ViewController.m in Sources */,
				4CCCD8D71A8CEE1200AB451F /* CHPresenter.m in Sources */,
				4CCCD8D81A8CEE1200AB451F /* CHViewController.m in Sources */,
				4CCCD8B01A8CEC7A00AB451F /* AppDelegate.m in Sources */,
				4CCCD8AD1A8CEC7A00AB451F /* main.m in Sources */,
			);
			runOnlyForDeploymentPostprocessing = 0;
		};
		4CCCD8BC1A8CEC7A00AB451F /* Sources */ = {
			isa = PBXSourcesBuildPhase;
			buildActionMask = 2147483647;
			files = (
				4CCCD8C71A8CEC7A00AB451F /* TicTacToeTests.m in Sources */,
			);
			runOnlyForDeploymentPostprocessing = 0;
		};
/* End PBXSourcesBuildPhase section */

/* Begin PBXTargetDependency section */
		4CCCD8C21A8CEC7A00AB451F /* PBXTargetDependency */ = {
			isa = PBXTargetDependency;
			target = 4CCCD8A61A8CEC7A00AB451F /* TicTacToe */;
			targetProxy = 4CCCD8C11A8CEC7A00AB451F /* PBXContainerItemProxy */;
		};
/* End PBXTargetDependency section */

/* Begin XCBuildConfiguration section */
		4CCCD8C81A8CEC7A00AB451F /* Debug */ = {
			isa = XCBuildConfiguration;
			buildSettings = {
				ALWAYS_SEARCH_USER_PATHS = NO;
				CLANG_CXX_LANGUAGE_STANDARD = "gnu++0x";
				CLANG_CXX_LIBRARY = "libc++";
				CLANG_ENABLE_MODULES = YES;
				CLANG_ENABLE_OBJC_ARC = YES;
				CLANG_WARN_BOOL_CONVERSION = YES;
				CLANG_WARN_CONSTANT_CONVERSION = YES;
				CLANG_WARN_DIRECT_OBJC_ISA_USAGE = YES_ERROR;
				CLANG_WARN_EMPTY_BODY = YES;
				CLANG_WARN_ENUM_CONVERSION = YES;
				CLANG_WARN_INT_CONVERSION = YES;
				CLANG_WARN_OBJC_ROOT_CLASS = YES_ERROR;
				CLANG_WARN_UNREACHABLE_CODE = YES;
				CLANG_WARN__DUPLICATE_METHOD_MATCH = YES;
				"CODE_SIGN_IDENTITY[sdk=iphoneos*]" = "iPhone Developer";
				COPY_PHASE_STRIP = NO;
				ENABLE_STRICT_OBJC_MSGSEND = YES;
				GCC_C_LANGUAGE_STANDARD = gnu99;
				GCC_DYNAMIC_NO_PIC = NO;
				GCC_OPTIMIZATION_LEVEL = 0;
				GCC_PREPROCESSOR_DEFINITIONS = (
					"DEBUG=1",
					"$(inherited)",
				);
				GCC_SYMBOLS_PRIVATE_EXTERN = NO;
				GCC_WARN_64_TO_32_BIT_CONVERSION = YES;
				GCC_WARN_ABOUT_RETURN_TYPE = YES_ERROR;
				GCC_WARN_UNDECLARED_SELECTOR = YES;
				GCC_WARN_UNINITIALIZED_AUTOS = YES_AGGRESSIVE;
				GCC_WARN_UNUSED_FUNCTION = YES;
				GCC_WARN_UNUSED_VARIABLE = YES;
				IPHONEOS_DEPLOYMENT_TARGET = 8.1;
				MTL_ENABLE_DEBUG_INFO = YES;
				ONLY_ACTIVE_ARCH = YES;
				SDKROOT = iphoneos;
			};
			name = Debug;
		};
		4CCCD8C91A8CEC7A00AB451F /* Release */ = {
			isa = XCBuildConfiguration;
			buildSettings = {
				ALWAYS_SEARCH_USER_PATHS = NO;
				CLANG_CXX_LANGUAGE_STANDARD = "gnu++0x";
				CLANG_CXX_LIBRARY = "libc++";
				CLANG_ENABLE_MODULES = YES;
				CLANG_ENABLE_OBJC_ARC = YES;
				CLANG_WARN_BOOL_CONVERSION = YES;
				CLANG_WARN_CONSTANT_CONVERSION = YES;
				CLANG_WARN_DIRECT_OBJC_ISA_USAGE = YES_ERROR;
				CLANG_WARN_EMPTY_BODY = YES;
				CLANG_WARN_ENUM_CONVERSION = YES;
				CLANG_WARN_INT_CONVERSION = YES;
				CLANG_WARN_OBJC_ROOT_CLASS = YES_ERROR;
				CLANG_WARN_UNREACHABLE_CODE = YES;
				CLANG_WARN__DUPLICATE_METHOD_MATCH = YES;
				"CODE_SIGN_IDENTITY[sdk=iphoneos*]" = "iPhone Developer";
				COPY_PHASE_STRIP = YES;
				ENABLE_NS_ASSERTIONS = NO;
				ENABLE_STRICT_OBJC_MSGSEND = YES;
				GCC_C_LANGUAGE_STANDARD = gnu99;
				GCC_WARN_64_TO_32_BIT_CONVERSION = YES;
				GCC_WARN_ABOUT_RETURN_TYPE = YES_ERROR;
				GCC_WARN_UNDECLARED_SELECTOR = YES;
				GCC_WARN_UNINITIALIZED_AUTOS = YES_AGGRESSIVE;
				GCC_WARN_UNUSED_FUNCTION = YES;
				GCC_WARN_UNUSED_VARIABLE = YES;
				IPHONEOS_DEPLOYMENT_TARGET = 8.1;
				MTL_ENABLE_DEBUG_INFO = NO;
				SDKROOT = iphoneos;
				VALIDATE_PRODUCT = YES;
			};
			name = Release;
		};
		4CCCD8CB1A8CEC7A00AB451F /* Debug */ = {
			isa = XCBuildConfiguration;
			buildSettings = {
				ASSETCATALOG_COMPILER_APPICON_NAME = AppIcon;
				INFOPLIST_FILE = TicTacToe/Info.plist;
				LD_RUNPATH_SEARCH_PATHS = "$(inherited) @executable_path/Frameworks";
				PRODUCT_NAME = "$(TARGET_NAME)";
			};
			name = Debug;
		};
		4CCCD8CC1A8CEC7A00AB451F /* Release */ = {
			isa = XCBuildConfiguration;
			buildSettings = {
				ASSETCATALOG_COMPILER_APPICON_NAME = AppIcon;
				INFOPLIST_FILE = TicTacToe/Info.plist;
				LD_RUNPATH_SEARCH_PATHS = "$(inherited) @executable_path/Frameworks";
				PRODUCT_NAME = "$(TARGET_NAME)";
			};
			name = Release;
		};
		4CCCD8CE1A8CEC7A00AB451F /* Debug */ = {
			isa = XCBuildConfiguration;
			buildSettings = {
				BUNDLE_LOADER = "$(TEST_HOST)";
				FRAMEWORK_SEARCH_PATHS = (
					"$(SDKROOT)/Developer/Library/Frameworks",
					"$(inherited)",
				);
				GCC_PREPROCESSOR_DEFINITIONS = (
					"DEBUG=1",
					"$(inherited)",
				);
				INFOPLIST_FILE = TicTacToeTests/Info.plist;
				LD_RUNPATH_SEARCH_PATHS = "$(inherited) @executable_path/Frameworks @loader_path/Frameworks";
				PRODUCT_NAME = "$(TARGET_NAME)";
				TEST_HOST = "$(BUILT_PRODUCTS_DIR)/TicTacToe.app/TicTacToe";
			};
			name = Debug;
		};
		4CCCD8CF1A8CEC7A00AB451F /* Release */ = {
			isa = XCBuildConfiguration;
			buildSettings = {
				BUNDLE_LOADER = "$(TEST_HOST)";
				FRAMEWORK_SEARCH_PATHS = (
					"$(SDKROOT)/Developer/Library/Frameworks",
					"$(inherited)",
				);
				INFOPLIST_FILE = TicTacToeTests/Info.plist;
				LD_RUNPATH_SEARCH_PATHS = "$(inherited) @executable_path/Frameworks @loader_path/Frameworks";
				PRODUCT_NAME = "$(TARGET_NAME)";
				TEST_HOST = "$(BUILT_PRODUCTS_DIR)/TicTacToe.app/TicTacToe";
			};
			name = Release;
		};
/* End XCBuildConfiguration section */

/* Begin XCConfigurationList section */
		4CCCD8A21A8CEC7A00AB451F /* Build configuration list for PBXProject "TicTacToe" */ = {
			isa = XCConfigurationList;
			buildConfigurations = (
				4CCCD8C81A8CEC7A00AB451F /* Debug */,
				4CCCD8C91A8CEC7A00AB451F /* Release */,
			);
			defaultConfigurationIsVisible = 0;
			defaultConfigurationName = Release;
		};
		4CCCD8CA1A8CEC7A00AB451F /* Build configuration list for PBXNativeTarget "TicTacToe" */ = {
			isa = XCConfigurationList;
			buildConfigurations = (
				4CCCD8CB1A8CEC7A00AB451F /* Debug */,
				4CCCD8CC1A8CEC7A00AB451F /* Release */,
			);
			defaultConfigurationIsVisible = 0;
			defaultConfigurationName = Release;
		};
		4CCCD8CD1A8CEC7A00AB451F /* Build configuration list for PBXNativeTarget "TicTacToeTests" */ = {
			isa = XCConfigurationList;
			buildConfigurations = (
				4CCCD8CE1A8CEC7A00AB451F /* Debug */,
				4CCCD8CF1A8CEC7A00AB451F /* Release */,
			);
			defaultConfigurationIsVisible = 0;
			defaultConfigurationName = Release;
		};
/* End XCConfigurationList section */
	};
	rootObject = 4CCCD89F1A8CEC7A00AB451F /* Project object */;
}
